// !$*UTF8*$!
{
	archiveVersion = 1;
	classes = {
	};
	objectVersion = 56;
	objects = {

/* Begin PBXBuildFile section */
		079B41292D0B964E005B392C /* RecipeForFetchApp.swift in Sources */ = {isa = PBXBuildFile; fileRef = 079B41282D0B964E005B392C /* RecipeForFetchApp.swift */; };
		079B412B2D0B964E005B392C /* ListView.swift in Sources */ = {isa = PBXBuildFile; fileRef = 079B412A2D0B964E005B392C /* ListView.swift */; };
		079B412D2D0B964F005B392C /* Assets.xcassets in Resources */ = {isa = PBXBuildFile; fileRef = 079B412C2D0B964F005B392C /* Assets.xcassets */; };
		079B41302D0B964F005B392C /* Preview Assets.xcassets in Resources */ = {isa = PBXBuildFile; fileRef = 079B412F2D0B964F005B392C /* Preview Assets.xcassets */; };
		079B41372D0B9B51005B392C /* Recipes.swift in Sources */ = {isa = PBXBuildFile; fileRef = 079B41362D0B9B51005B392C /* Recipes.swift */; };
		079B41392D0BB253005B392C /* Launch Screen.storyboard in Resources */ = {isa = PBXBuildFile; fileRef = 079B41382D0BB253005B392C /* Launch Screen.storyboard */; };
		07BFB7E22D0BB99400500EFC /* RecipeForFetchTests.swift in Sources */ = {isa = PBXBuildFile; fileRef = 07BFB7E12D0BB99400500EFC /* RecipeForFetchTests.swift */; };
/* End PBXBuildFile section */

/* Begin PBXContainerItemProxy section */
		07BFB7E32D0BB99400500EFC /* PBXContainerItemProxy */ = {
			isa = PBXContainerItemProxy;
			containerPortal = 079B411D2D0B964E005B392C /* Project object */;
			proxyType = 1;
			remoteGlobalIDString = 079B41242D0B964E005B392C;
			remoteInfo = RecipeForFetch;
		};
/* End PBXContainerItemProxy section */

/* Begin PBXFileReference section */
		079B41252D0B964E005B392C /* RecipeForFetch.app */ = {isa = PBXFileReference; explicitFileType = wrapper.application; includeInIndex = 0; path = RecipeForFetch.app; sourceTree = BUILT_PRODUCTS_DIR; };
		079B41282D0B964E005B392C /* RecipeForFetchApp.swift */ = {isa = PBXFileReference; lastKnownFileType = sourcecode.swift; path = RecipeForFetchApp.swift; sourceTree = "<group>"; };
		079B412A2D0B964E005B392C /* ListView.swift */ = {isa = PBXFileReference; lastKnownFileType = sourcecode.swift; path = ListView.swift; sourceTree = "<group>"; };
		079B412C2D0B964F005B392C /* Assets.xcassets */ = {isa = PBXFileReference; lastKnownFileType = folder.assetcatalog; path = Assets.xcassets; sourceTree = "<group>"; };
		079B412F2D0B964F005B392C /* Preview Assets.xcassets */ = {isa = PBXFileReference; lastKnownFileType = folder.assetcatalog; path = "Preview Assets.xcassets"; sourceTree = "<group>"; };
		079B41362D0B9B51005B392C /* Recipes.swift */ = {isa = PBXFileReference; lastKnownFileType = sourcecode.swift; path = Recipes.swift; sourceTree = "<group>"; };
		079B41382D0BB253005B392C /* Launch Screen.storyboard */ = {isa = PBXFileReference; lastKnownFileType = file.storyboard; path = "Launch Screen.storyboard"; sourceTree = "<group>"; };
		07BFB7DF2D0BB99400500EFC /* RecipeForFetchTests.xctest */ = {isa = PBXFileReference; explicitFileType = wrapper.cfbundle; includeInIndex = 0; path = RecipeForFetchTests.xctest; sourceTree = BUILT_PRODUCTS_DIR; };
		07BFB7E12D0BB99400500EFC /* RecipeForFetchTests.swift */ = {isa = PBXFileReference; lastKnownFileType = sourcecode.swift; path = RecipeForFetchTests.swift; sourceTree = "<group>"; };
/* End PBXFileReference section */

/* Begin PBXFrameworksBuildPhase section */
		079B41222D0B964E005B392C /* Frameworks */ = {
			isa = PBXFrameworksBuildPhase;
			buildActionMask = 2147483647;
			files = (
			);
			runOnlyForDeploymentPostprocessing = 0;
		};
		07BFB7DC2D0BB99400500EFC /* Frameworks */ = {
			isa = PBXFrameworksBuildPhase;
			buildActionMask = 2147483647;
			files = (
			);
			runOnlyForDeploymentPostprocessing = 0;
		};
/* End PBXFrameworksBuildPhase section */

/* Begin PBXGroup section */
		079B411C2D0B964E005B392C = {
			isa = PBXGroup;
			children = (
				079B41272D0B964E005B392C /* RecipeForFetch */,
				07BFB7E02D0BB99400500EFC /* RecipeForFetchTests */,
				079B41262D0B964E005B392C /* Products */,
			);
			sourceTree = "<group>";
		};
		079B41262D0B964E005B392C /* Products */ = {
			isa = PBXGroup;
			children = (
				079B41252D0B964E005B392C /* RecipeForFetch.app */,
				07BFB7DF2D0BB99400500EFC /* RecipeForFetchTests.xctest */,
			);
			name = Products;
			sourceTree = "<group>";
		};
		079B41272D0B964E005B392C /* RecipeForFetch */ = {
			isa = PBXGroup;
			children = (
				079B41282D0B964E005B392C /* RecipeForFetchApp.swift */,
				079B412A2D0B964E005B392C /* ListView.swift */,
				079B41382D0BB253005B392C /* Launch Screen.storyboard */,
				079B41362D0B9B51005B392C /* Recipes.swift */,
				079B412C2D0B964F005B392C /* Assets.xcassets */,
				079B412E2D0B964F005B392C /* Preview Content */,
			);
			path = RecipeForFetch;
			sourceTree = "<group>";
		};
		079B412E2D0B964F005B392C /* Preview Content */ = {
			isa = PBXGroup;
			children = (
				079B412F2D0B964F005B392C /* Preview Assets.xcassets */,
			);
			path = "Preview Content";
			sourceTree = "<group>";
		};
		07BFB7E02D0BB99400500EFC /* RecipeForFetchTests */ = {
			isa = PBXGroup;
			children = (
				07BFB7E12D0BB99400500EFC /* RecipeForFetchTests.swift */,
			);
			path = RecipeForFetchTests;
			sourceTree = "<group>";
		};
/* End PBXGroup section */

/* Begin PBXNativeTarget section */
		079B41242D0B964E005B392C /* RecipeForFetch */ = {
			isa = PBXNativeTarget;
			buildConfigurationList = 079B41332D0B964F005B392C /* Build configuration list for PBXNativeTarget "RecipeForFetch" */;
			buildPhases = (
				079B41212D0B964E005B392C /* Sources */,
				079B41222D0B964E005B392C /* Frameworks */,
				079B41232D0B964E005B392C /* Resources */,
			);
			buildRules = (
			);
			dependencies = (
			);
			name = RecipeForFetch;
			productName = RecipeForFetch;
			productReference = 079B41252D0B964E005B392C /* RecipeForFetch.app */;
			productType = "com.apple.product-type.application";
		};
		07BFB7DE2D0BB99400500EFC /* RecipeForFetchTests */ = {
			isa = PBXNativeTarget;
			buildConfigurationList = 07BFB7E52D0BB99500500EFC /* Build configuration list for PBXNativeTarget "RecipeForFetchTests" */;
			buildPhases = (
				07BFB7DB2D0BB99400500EFC /* Sources */,
				07BFB7DC2D0BB99400500EFC /* Frameworks */,
				07BFB7DD2D0BB99400500EFC /* Resources */,
			);
			buildRules = (
			);
			dependencies = (
				07BFB7E42D0BB99400500EFC /* PBXTargetDependency */,
			);
			name = RecipeForFetchTests;
			productName = RecipeForFetchTests;
			productReference = 07BFB7DF2D0BB99400500EFC /* RecipeForFetchTests.xctest */;
			productType = "com.apple.product-type.bundle.unit-test";
		};
/* End PBXNativeTarget section */

/* Begin PBXProject section */
		079B411D2D0B964E005B392C /* Project object */ = {
			isa = PBXProject;
			attributes = {
				BuildIndependentTargetsInParallel = 1;
				LastSwiftUpdateCheck = 1520;
				LastUpgradeCheck = 1520;
				TargetAttributes = {
					079B41242D0B964E005B392C = {
						CreatedOnToolsVersion = 15.2;
					};
					07BFB7DE2D0BB99400500EFC = {
						CreatedOnToolsVersion = 15.2;
						TestTargetID = 079B41242D0B964E005B392C;
					};
				};
			};
			buildConfigurationList = 079B41202D0B964E005B392C /* Build configuration list for PBXProject "RecipeForFetch" */;
			compatibilityVersion = "Xcode 14.0";
			developmentRegion = en;
			hasScannedForEncodings = 0;
			knownRegions = (
				en,
				Base,
			);
			mainGroup = 079B411C2D0B964E005B392C;
			productRefGroup = 079B41262D0B964E005B392C /* Products */;
			projectDirPath = "";
			projectRoot = "";
			targets = (
				079B41242D0B964E005B392C /* RecipeForFetch */,
				07BFB7DE2D0BB99400500EFC /* RecipeForFetchTests */,
			);
		};
/* End PBXProject section */

/* Begin PBXResourcesBuildPhase section */
		079B41232D0B964E005B392C /* Resources */ = {
			isa = PBXResourcesBuildPhase;
			buildActionMask = 2147483647;
			files = (
				079B41392D0BB253005B392C /* Launch Screen.storyboard in Resources */,
				079B41302D0B964F005B392C /* Preview Assets.xcassets in Resources */,
				079B412D2D0B964F005B392C /* Assets.xcassets in Resources */,
			);
			runOnlyForDeploymentPostprocessing = 0;
		};
		07BFB7DD2D0BB99400500EFC /* Resources */ = {
			isa = PBXResourcesBuildPhase;
			buildActionMask = 2147483647;
			files = (
			);
			runOnlyForDeploymentPostprocessing = 0;
		};
/* End PBXResourcesBuildPhase section */

/* Begin PBXSourcesBuildPhase section */
		079B41212D0B964E005B392C /* Sources */ = {
			isa = PBXSourcesBuildPhase;
			buildActionMask = 2147483647;
			files = (
				079B412B2D0B964E005B392C /* ListView.swift in Sources */,
				079B41372D0B9B51005B392C /* Recipes.swift in Sources */,
				079B41292D0B964E005B392C /* RecipeForFetchApp.swift in Sources */,
			);
			runOnlyForDeploymentPostprocessing = 0;
		};
		07BFB7DB2D0BB99400500EFC /* Sources */ = {
			isa = PBXSourcesBuildPhase;
			buildActionMask = 2147483647;
			files = (
				07BFB7E22D0BB99400500EFC /* RecipeForFetchTests.swift in Sources */,
			);
			runOnlyForDeploymentPostprocessing = 0;
		};
/* End PBXSourcesBuildPhase section */

/* Begin PBXTargetDependency section */
		07BFB7E42D0BB99400500EFC /* PBXTargetDependency */ = {
			isa = PBXTargetDependency;
			target = 079B41242D0B964E005B392C /* RecipeForFetch */;
			targetProxy = 07BFB7E32D0BB99400500EFC /* PBXContainerItemProxy */;
		};
/* End PBXTargetDependency section */

/* Begin XCBuildConfiguration section */
		079B41312D0B964F005B392C /* Debug */ = {
			isa = XCBuildConfiguration;
			buildSettings = {
				ALWAYS_SEARCH_USER_PATHS = NO;
				ASSETCATALOG_COMPILER_GENERATE_SWIFT_ASSET_SYMBOL_EXTENSIONS = YES;
				CLANG_ANALYZER_NONNULL = YES;
				CLANG_ANALYZER_NUMBER_OBJECT_CONVERSION = YES_AGGRESSIVE;
				CLANG_CXX_LANGUAGE_STANDARD = "gnu++20";
				CLANG_ENABLE_MODULES = YES;
				CLANG_ENABLE_OBJC_ARC = YES;
				CLANG_ENABLE_OBJC_WEAK = YES;
				CLANG_WARN_BLOCK_CAPTURE_AUTORELEASING = YES;
				CLANG_WARN_BOOL_CONVERSION = YES;
				CLANG_WARN_COMMA = YES;
				CLANG_WARN_CONSTANT_CONVERSION = YES;
				CLANG_WARN_DEPRECATED_OBJC_IMPLEMENTATIONS = YES;
				CLANG_WARN_DIRECT_OBJC_ISA_USAGE = YES_ERROR;
				CLANG_WARN_DOCUMENTATION_COMMENTS = YES;
				CLANG_WARN_EMPTY_BODY = YES;
				CLANG_WARN_ENUM_CONVERSION = YES;
				CLANG_WARN_INFINITE_RECURSION = YES;
				CLANG_WARN_INT_CONVERSION = YES;
				CLANG_WARN_NON_LITERAL_NULL_CONVERSION = YES;
				CLANG_WARN_OBJC_IMPLICIT_RETAIN_SELF = YES;
				CLANG_WARN_OBJC_LITERAL_CONVERSION = YES;
				CLANG_WARN_OBJC_ROOT_CLASS = YES_ERROR;
				CLANG_WARN_QUOTED_INCLUDE_IN_FRAMEWORK_HEADER = YES;
				CLANG_WARN_RANGE_LOOP_ANALYSIS = YES;
				CLANG_WARN_STRICT_PROTOTYPES = YES;
				CLANG_WARN_SUSPICIOUS_MOVE = YES;
				CLANG_WARN_UNGUARDED_AVAILABILITY = YES_AGGRESSIVE;
				CLANG_WARN_UNREACHABLE_CODE = YES;
				CLANG_WARN__DUPLICATE_METHOD_MATCH = YES;
				COPY_PHASE_STRIP = NO;
				DEBUG_INFORMATION_FORMAT = dwarf;
				ENABLE_STRICT_OBJC_MSGSEND = YES;
				ENABLE_TESTABILITY = YES;
				ENABLE_USER_SCRIPT_SANDBOXING = YES;
				GCC_C_LANGUAGE_STANDARD = gnu17;
				GCC_DYNAMIC_NO_PIC = NO;
				GCC_NO_COMMON_BLOCKS = YES;
				GCC_OPTIMIZATION_LEVEL = 0;
				GCC_PREPROCESSOR_DEFINITIONS = (
					"DEBUG=1",
					"$(inherited)",
				);
				GCC_WARN_64_TO_32_BIT_CONVERSION = YES;
				GCC_WARN_ABOUT_RETURN_TYPE = YES_ERROR;
				GCC_WARN_UNDECLARED_SELECTOR = YES;
				GCC_WARN_UNINITIALIZED_AUTOS = YES_AGGRESSIVE;
				GCC_WARN_UNUSED_FUNCTION = YES;
				GCC_WARN_UNUSED_VARIABLE = YES;
				IPHONEOS_DEPLOYMENT_TARGET = 17.2;
				LOCALIZATION_PREFERS_STRING_CATALOGS = YES;
				MTL_ENABLE_DEBUG_INFO = INCLUDE_SOURCE;
				MTL_FAST_MATH = YES;
				ONLY_ACTIVE_ARCH = YES;
				SDKROOT = iphoneos;
				SWIFT_ACTIVE_COMPILATION_CONDITIONS = "DEBUG $(inherited)";
				SWIFT_OPTIMIZATION_LEVEL = "-Onone";
			};
			name = Debug;
		};
		079B41322D0B964F005B392C /* Release */ = {
			isa = XCBuildConfiguration;
			buildSettings = {
				ALWAYS_SEARCH_USER_PATHS = NO;
				ASSETCATALOG_COMPILER_GENERATE_SWIFT_ASSET_SYMBOL_EXTENSIONS = YES;
				CLANG_ANALYZER_NONNULL = YES;
				CLANG_ANALYZER_NUMBER_OBJECT_CONVERSION = YES_AGGRESSIVE;
				CLANG_CXX_LANGUAGE_STANDARD = "gnu++20";
				CLANG_ENABLE_MODULES = YES;
				CLANG_ENABLE_OBJC_ARC = YES;
				CLANG_ENABLE_OBJC_WEAK = YES;
				CLANG_WARN_BLOCK_CAPTURE_AUTORELEASING = YES;
				CLANG_WARN_BOOL_CONVERSION = YES;
				CLANG_WARN_COMMA = YES;
				CLANG_WARN_CONSTANT_CONVERSION = YES;
				CLANG_WARN_DEPRECATED_OBJC_IMPLEMENTATIONS = YES;
				CLANG_WARN_DIRECT_OBJC_ISA_USAGE = YES_ERROR;
				CLANG_WARN_DOCUMENTATION_COMMENTS = YES;
				CLANG_WARN_EMPTY_BODY = YES;
				CLANG_WARN_ENUM_CONVERSION = YES;
				CLANG_WARN_INFINITE_RECURSION = YES;
				CLANG_WARN_INT_CONVERSION = YES;
				CLANG_WARN_NON_LITERAL_NULL_CONVERSION = YES;
				CLANG_WARN_OBJC_IMPLICIT_RETAIN_SELF = YES;
				CLANG_WARN_OBJC_LITERAL_CONVERSION = YES;
				CLANG_WARN_OBJC_ROOT_CLASS = YES_ERROR;
				CLANG_WARN_QUOTED_INCLUDE_IN_FRAMEWORK_HEADER = YES;
				CLANG_WARN_RANGE_LOOP_ANALYSIS = YES;
				CLANG_WARN_STRICT_PROTOTYPES = YES;
				CLANG_WARN_SUSPICIOUS_MOVE = YES;
				CLANG_WARN_UNGUARDED_AVAILABILITY = YES_AGGRESSIVE;
				CLANG_WARN_UNREACHABLE_CODE = YES;
				CLANG_WARN__DUPLICATE_METHOD_MATCH = YES;
				COPY_PHASE_STRIP = NO;
				DEBUG_INFORMATION_FORMAT = "dwarf-with-dsym";
				ENABLE_NS_ASSERTIONS = NO;
				ENABLE_STRICT_OBJC_MSGSEND = YES;
				ENABLE_USER_SCRIPT_SANDBOXING = YES;
				GCC_C_LANGUAGE_STANDARD = gnu17;
				GCC_NO_COMMON_BLOCKS = YES;
				GCC_WARN_64_TO_32_BIT_CONVERSION = YES;
				GCC_WARN_ABOUT_RETURN_TYPE = YES_ERROR;
				GCC_WARN_UNDECLARED_SELECTOR = YES;
				GCC_WARN_UNINITIALIZED_AUTOS = YES_AGGRESSIVE;
				GCC_WARN_UNUSED_FUNCTION = YES;
				GCC_WARN_UNUSED_VARIABLE = YES;
				IPHONEOS_DEPLOYMENT_TARGET = 17.2;
				LOCALIZATION_PREFERS_STRING_CATALOGS = YES;
				MTL_ENABLE_DEBUG_INFO = NO;
				MTL_FAST_MATH = YES;
				SDKROOT = iphoneos;
				SWIFT_COMPILATION_MODE = wholemodule;
				VALIDATE_PRODUCT = YES;
			};
			name = Release;
		};
		079B41342D0B964F005B392C /* Debug */ = {
			isa = XCBuildConfiguration;
			buildSettings = {
				ASSETCATALOG_COMPILER_APPICON_NAME = AppIcon;
				ASSETCATALOG_COMPILER_GLOBAL_ACCENT_COLOR_NAME = AccentColor;
				CODE_SIGN_STYLE = Automatic;
				CURRENT_PROJECT_VERSION = 1;
				DEVELOPMENT_ASSET_PATHS = "\"RecipeForFetch/Preview Content\"";
				DEVELOPMENT_TEAM = HLL689PTWK;
				ENABLE_PREVIEWS = YES;
				GENERATE_INFOPLIST_FILE = YES;
				INFOPLIST_KEY_UIApplicationSceneManifest_Generation = YES;
				INFOPLIST_KEY_UIApplicationSupportsIndirectInputEvents = YES;
				INFOPLIST_KEY_UILaunchScreen_Generation = YES;
				INFOPLIST_KEY_UILaunchStoryboardName = "Launch Screen.storyboard";
				INFOPLIST_KEY_UISupportedInterfaceOrientations_iPad = "UIInterfaceOrientationPortrait UIInterfaceOrientationPortraitUpsideDown UIInterfaceOrientationLandscapeLeft UIInterfaceOrientationLandscapeRight";
				INFOPLIST_KEY_UISupportedInterfaceOrientations_iPhone = "UIInterfaceOrientationPortrait UIInterfaceOrientationLandscapeLeft UIInterfaceOrientationLandscapeRight";
				LD_RUNPATH_SEARCH_PATHS = (
					"$(inherited)",
					"@executable_path/Frameworks",
				);
				MARKETING_VERSION = 1.0;
				PRODUCT_BUNDLE_IDENTIFIER = ahmed.RecipeForFetch;
				PRODUCT_NAME = "$(TARGET_NAME)";
				SWIFT_EMIT_LOC_STRINGS = YES;
				SWIFT_VERSION = 5.0;
				TARGETED_DEVICE_FAMILY = "1,2";
			};
			name = Debug;
		};
		079B41352D0B964F005B392C /* Release */ = {
			isa = XCBuildConfiguration;
			buildSettings = {
				ASSETCATALOG_COMPILER_APPICON_NAME = AppIcon;
				ASSETCATALOG_COMPILER_GLOBAL_ACCENT_COLOR_NAME = AccentColor;
				CODE_SIGN_STYLE = Automatic;
				CURRENT_PROJECT_VERSION = 1;
				DEVELOPMENT_ASSET_PATHS = "\"RecipeForFetch/Preview Content\"";
				DEVELOPMENT_TEAM = HLL689PTWK;
				ENABLE_PREVIEWS = YES;
				GENERATE_INFOPLIST_FILE = YES;
				INFOPLIST_KEY_UIApplicationSceneManifest_Generation = YES;
				INFOPLIST_KEY_UIApplicationSupportsIndirectInputEvents = YES;
				INFOPLIST_KEY_UILaunchScreen_Generation = YES;
				INFOPLIST_KEY_UILaunchStoryboardName = "Launch Screen.storyboard";
				INFOPLIST_KEY_UISupportedInterfaceOrientations_iPad = "UIInterfaceOrientationPortrait UIInterfaceOrientationPortraitUpsideDown UIInterfaceOrientationLandscapeLeft UIInterfaceOrientationLandscapeRight";
				INFOPLIST_KEY_UISupportedInterfaceOrientations_iPhone = "UIInterfaceOrientationPortrait UIInterfaceOrientationLandscapeLeft UIInterfaceOrientationLandscapeRight";
				LD_RUNPATH_SEARCH_PATHS = (
					"$(inherited)",
					"@executable_path/Frameworks",
				);
				MARKETING_VERSION = 1.0;
				PRODUCT_BUNDLE_IDENTIFIER = ahmed.RecipeForFetch;
				PRODUCT_NAME = "$(TARGET_NAME)";
				SWIFT_EMIT_LOC_STRINGS = YES;
				SWIFT_VERSION = 5.0;
				TARGETED_DEVICE_FAMILY = "1,2";
			};
			name = Release;
		};
		07BFB7E62D0BB99500500EFC /* Debug */ = {
			isa = XCBuildConfiguration;
			buildSettings = {
				BUNDLE_LOADER = "$(TEST_HOST)";
				CODE_SIGN_STYLE = Automatic;
				CURRENT_PROJECT_VERSION = 1;
				DEVELOPMENT_TEAM = HLL689PTWK;
				GENERATE_INFOPLIST_FILE = YES;
				MARKETING_VERSION = 1.0;
				PRODUCT_BUNDLE_IDENTIFIER = ahmed.RecipeForFetchTests;
				PRODUCT_NAME = "$(TARGET_NAME)";
				SWIFT_EMIT_LOC_STRINGS = NO;
				SWIFT_VERSION = 5.0;
				TARGETED_DEVICE_FAMILY = "1,2";
				TEST_HOST = "$(BUILT_PRODUCTS_DIR)/RecipeForFetch.app/$(BUNDLE_EXECUTABLE_FOLDER_PATH)/RecipeForFetch";
			};
			name = Debug;
		};
		07BFB7E72D0BB99500500EFC /* Release */ = {
			isa = XCBuildConfiguration;
			buildSettings = {
				BUNDLE_LOADER = "$(TEST_HOST)";
				CODE_SIGN_STYLE = Automatic;
				CURRENT_PROJECT_VERSION = 1;
				DEVELOPMENT_TEAM = HLL689PTWK;
				GENERATE_INFOPLIST_FILE = YES;
				MARKETING_VERSION = 1.0;
				PRODUCT_BUNDLE_IDENTIFIER = ahmed.RecipeForFetchTests;
				PRODUCT_NAME = "$(TARGET_NAME)";
				SWIFT_EMIT_LOC_STRINGS = NO;
				SWIFT_VERSION = 5.0;
				TARGETED_DEVICE_FAMILY = "1,2";
				TEST_HOST = "$(BUILT_PRODUCTS_DIR)/RecipeForFetch.app/$(BUNDLE_EXECUTABLE_FOLDER_PATH)/RecipeForFetch";
			};
			name = Release;
		};
/* End XCBuildConfiguration section */

/* Begin XCConfigurationList section */
		079B41202D0B964E005B392C /* Build configuration list for PBXProject "RecipeForFetch" */ = {
			isa = XCConfigurationList;
			buildConfigurations = (
				079B41312D0B964F005B392C /* Debug */,
				079B41322D0B964F005B392C /* Release */,
			);
			defaultConfigurationIsVisible = 0;
			defaultConfigurationName = Release;
		};
		079B41332D0B964F005B392C /* Build configuration list for PBXNativeTarget "RecipeForFetch" */ = {
			isa = XCConfigurationList;
			buildConfigurations = (
				079B41342D0B964F005B392C /* Debug */,
				079B41352D0B964F005B392C /* Release */,
			);
			defaultConfigurationIsVisible = 0;
			defaultConfigurationName = Release;
		};
		07BFB7E52D0BB99500500EFC /* Build configuration list for PBXNativeTarget "RecipeForFetchTests" */ = {
			isa = XCConfigurationList;
			buildConfigurations = (
				07BFB7E62D0BB99500500EFC /* Debug */,
				07BFB7E72D0BB99500500EFC /* Release */,
			);
			defaultConfigurationIsVisible = 0;
			defaultConfigurationName = Release;
		};
/* End XCConfigurationList section */
	};
	rootObject = 079B411D2D0B964E005B392C /* Project object */;
}
